
Microsoft Visual Studio Solution File, Format Version 12.00
# Visual Studio Version 16
VisualStudioVersion = 16.0.29806.167
MinimumVisualStudioVersion = 10.0.40219.1
Project("{FAE04EC0-301F-11D3-BF4B-00C04F79EFBC}") = "WebHospitalSystem", "WebHospitalSystem\WebHospitalSystem.csproj", "{11AAC9F1-A2B6-424F-B264-EC0FFC345954}"
	ProjectSection(ProjectDependencies) = postProject
		{FBE32D3B-2A20-4C88-9BB6-8F7AF17139CD} = {FBE32D3B-2A20-4C88-9BB6-8F7AF17139CD}
		{3EFCFF92-C2C1-44A9-98FD-B6E3FE6DB5DC} = {3EFCFF92-C2C1-44A9-98FD-B6E3FE6DB5DC}
	EndProjectSection
EndProject
Project("{FAE04EC0-301F-11D3-BF4B-00C04F79EFBC}") = "BLL", "BLL\BLL.csproj", "{3EFCFF92-C2C1-44A9-98FD-B6E3FE6DB5DC}"
	ProjectSection(ProjectDependencies) = postProject
		{FBE32D3B-2A20-4C88-9BB6-8F7AF17139CD} = {FBE32D3B-2A20-4C88-9BB6-8F7AF17139CD}
	EndProjectSection
EndProject
Project("{FAE04EC0-301F-11D3-BF4B-00C04F79EFBC}") = "DAL", "DAL\DAL.csproj", "{FBE32D3B-2A20-4C88-9BB6-8F7AF17139CD}"
EndProject
Global
	GlobalSection(SolutionConfigurationPlatforms) = preSolution
		Debug|Any CPU = Debug|Any CPU
		Release|Any CPU = Release|Any CPU
	EndGlobalSection
	GlobalSection(ProjectConfigurationPlatforms) = postSolution
		{11AAC9F1-A2B6-424F-B264-EC0FFC345954}.Debug|Any CPU.ActiveCfg = Debug|Any CPU
		{11AAC9F1-A2B6-424F-B264-EC0FFC345954}.Debug|Any CPU.Build.0 = Debug|Any CPU
		{11AAC9F1-A2B6-424F-B264-EC0FFC345954}.Release|Any CPU.ActiveCfg = Release|Any CPU
		{11AAC9F1-A2B6-424F-B264-EC0FFC345954}.Release|Any CPU.Build.0 = Release|Any CPU
		{3EFCFF92-C2C1-44A9-98FD-B6E3FE6DB5DC}.Debug|Any CPU.ActiveCfg = Debug|Any CPU
		{3EFCFF92-C2C1-44A9-98FD-B6E3FE6DB5DC}.Debug|Any CPU.Build.0 = Debug|Any CPU
		{3EFCFF92-C2C1-44A9-98FD-B6E3FE6DB5DC}.Release|Any CPU.ActiveCfg = Release|Any CPU
		{3EFCFF92-C2C1-44A9-98FD-B6E3FE6DB5DC}.Release|Any CPU.Build.0 = Release|Any CPU
		{FBE32D3B-2A20-4C88-9BB6-8F7AF17139CD}.Debug|Any CPU.ActiveCfg = Debug|Any CPU
		{FBE32D3B-2A20-4C88-9BB6-8F7AF17139CD}.Debug|Any CPU.Build.0 = Debug|Any CPU
		{FBE32D3B-2A20-4C88-9BB6-8F7AF17139CD}.Release|Any CPU.ActiveCfg = Release|Any CPU
		{FBE32D3B-2A20-4C88-9BB6-8F7AF17139CD}.Release|Any CPU.Build.0 = Release|Any CPU
	EndGlobalSection
	GlobalSection(SolutionProperties) = preSolution
		HideSolutionNode = FALSE
	EndGlobalSection
	GlobalSection(ExtensibilityGlobals) = postSolution
		SolutionGuid = {1EB2E59C-2D2E-465F-AF85-C18DDFFAFA2F}
	EndGlobalSection
EndGlobal
